
Microsoft Visual Studio Solution File, Format Version 12.00
# Visual Studio 2012
Project("{FAE04EC0-301F-11D3-BF4B-00C04F79EFBC}") = "ForceMeter", "ForceMeter\ForceMeter\ForceMeter.csproj", "{9C5438BA-7FA9-4BB4-8E18-91AEFA605D45}"
EndProject
Project("{FAE04EC0-301F-11D3-BF4B-00C04F79EFBC}") = "ForceMeterContent", "ForceMeter\ForceMeterContent\ForceMeterContent.contentproj", "{3F8F9341-504A-4F89-A41F-00A0921CE85B}"
EndProject
Global
	GlobalSection(SolutionConfigurationPlatforms) = preSolution
		Debug|Any CPU = Debug|Any CPU
		Debug|Mixed Platforms = Debug|Mixed Platforms
		Debug|Windows Phone = Debug|Windows Phone
		Release|Any CPU = Release|Any CPU
		Release|Mixed Platforms = Release|Mixed Platforms
		Release|Windows Phone = Release|Windows Phone
	EndGlobalSection
	GlobalSection(ProjectConfigurationPlatforms) = postSolution
		{9C5438BA-7FA9-4BB4-8E18-91AEFA605D45}.Debug|Any CPU.ActiveCfg = Debug|Windows Phone
		{9C5438BA-7FA9-4BB4-8E18-91AEFA605D45}.Debug|Mixed Platforms.ActiveCfg = Debug|Windows Phone
		{9C5438BA-7FA9-4BB4-8E18-91AEFA605D45}.Debug|Mixed Platforms.Build.0 = Debug|Windows Phone
		{9C5438BA-7FA9-4BB4-8E18-91AEFA605D45}.Debug|Mixed Platforms.Deploy.0 = Debug|Windows Phone
		{9C5438BA-7FA9-4BB4-8E18-91AEFA605D45}.Debug|Windows Phone.ActiveCfg = Debug|Windows Phone
		{9C5438BA-7FA9-4BB4-8E18-91AEFA605D45}.Debug|Windows Phone.Build.0 = Debug|Windows Phone
		{9C5438BA-7FA9-4BB4-8E18-91AEFA605D45}.Debug|Windows Phone.Deploy.0 = Debug|Windows Phone
		{9C5438BA-7FA9-4BB4-8E18-91AEFA605D45}.Release|Any CPU.ActiveCfg = Release|Windows Phone
		{9C5438BA-7FA9-4BB4-8E18-91AEFA605D45}.Release|Mixed Platforms.ActiveCfg = Release|Windows Phone
		{9C5438BA-7FA9-4BB4-8E18-91AEFA605D45}.Release|Mixed Platforms.Build.0 = Release|Windows Phone
		{9C5438BA-7FA9-4BB4-8E18-91AEFA605D45}.Release|Mixed Platforms.Deploy.0 = Release|Windows Phone
		{9C5438BA-7FA9-4BB4-8E18-91AEFA605D45}.Release|Windows Phone.ActiveCfg = Release|Windows Phone
		{9C5438BA-7FA9-4BB4-8E18-91AEFA605D45}.Release|Windows Phone.Build.0 = Release|Windows Phone
		{9C5438BA-7FA9-4BB4-8E18-91AEFA605D45}.Release|Windows Phone.Deploy.0 = Release|Windows Phone
		{3F8F9341-504A-4F89-A41F-00A0921CE85B}.Debug|Any CPU.ActiveCfg = Debug|Windows Phone
		{3F8F9341-504A-4F89-A41F-00A0921CE85B}.Debug|Mixed Platforms.ActiveCfg = Debug|Windows Phone
		{3F8F9341-504A-4F89-A41F-00A0921CE85B}.Debug|Windows Phone.ActiveCfg = Debug|Windows Phone
		{3F8F9341-504A-4F89-A41F-00A0921CE85B}.Release|Any CPU.ActiveCfg = Release|Windows Phone
		{3F8F9341-504A-4F89-A41F-00A0921CE85B}.Release|Mixed Platforms.ActiveCfg = Release|Windows Phone
		{3F8F9341-504A-4F89-A41F-00A0921CE85B}.Release|Windows Phone.ActiveCfg = Release|Windows Phone
	EndGlobalSection
	GlobalSection(SolutionProperties) = preSolution
		HideSolutionNode = FALSE
	EndGlobalSection
EndGlobal
